
Microsoft Visual Studio Solution File, Format Version 12.00
# Visual Studio Version 18
VisualStudioVersion = 18.6.11819.183
MinimumVisualStudioVersion = 10.0.40219.1
Project("{9A19103F-16F7-4668-BE54-9A1E7A4F7556}") = "BudoShurenWebsite", "BudoShurenWebsite\BudoShurenWebsite.csproj", "{B02B959E-BA14-4850-B32C-F97293F2991E}"
EndProject
Global
	GlobalSection(SolutionConfigurationPlatforms) = preSolution
		Debug|Any CPU = Debug|Any CPU
		Release|Any CPU = Release|Any CPU
	EndGlobalSection
	GlobalSection(ProjectConfigurationPlatforms) = postSolution
		{B02B959E-BA14-4850-B32C-F97293F2991E}.Debug|Any CPU.ActiveCfg = Debug|Any CPU
		{B02B959E-BA14-4850-B32C-F97293F2991E}.Debug|Any CPU.Build.0 = Debug|Any CPU
		{B02B959E-BA14-4850-B32C-F97293F2991E}.Release|Any CPU.ActiveCfg = Release|Any CPU
		{B02B959E-BA14-4850-B32C-F97293F2991E}.Release|Any CPU.Build.0 = Release|Any CPU
	EndGlobalSection
	GlobalSection(SolutionProperties) = preSolution
		HideSolutionNode = FALSE
	EndGlobalSection
	GlobalSection(ExtensibilityGlobals) = postSolution
		SolutionGuid = {33F1BCD2-B6C8-48E6-8555-5415ECFD83AC}
	EndGlobalSection
EndGlobal
